Microsoft Visual Studio Solution File, Format Version 12.00
# Visual Studio Version 17
VisualStudioVersion = 17.5.2.0
MinimumVisualStudioVersion = 10.0.40219.1
Project("{FAE04EC0-301F-11D3-BF4B-00C04F79EFBC}") = "SmartTour", "SmartTour.csproj", "{919484F6-8487-2488-7E42-4C2FBDD5D7F2}"
EndProject
Global
	GlobalSection(SolutionConfigurationPlatforms) = preSolution
		Debug|Any CPU = Debug|Any CPU
		Release|Any CPU = Release|Any CPU
	EndGlobalSection
	GlobalSection(ProjectConfigurationPlatforms) = postSolution
		{919484F6-8487-2488-7E42-4C2FBDD5D7F2}.Debug|Any CPU.ActiveCfg = Debug|Any CPU
		{919484F6-8487-2488-7E42-4C2FBDD5D7F2}.Debug|Any CPU.Build.0 = Debug|Any CPU
		{919484F6-8487-2488-7E42-4C2FBDD5D7F2}.Release|Any CPU.ActiveCfg = Release|Any CPU
		{919484F6-8487-2488-7E42-4C2FBDD5D7F2}.Release|Any CPU.Build.0 = Release|Any CPU
	EndGlobalSection
	GlobalSection(SolutionProperties) = preSolution
		HideSolutionNode = FALSE
	EndGlobalSection
	GlobalSection(ExtensibilityGlobals) = postSolution
		SolutionGuid = {BA19C889-B07C-4EF7-ACC9-DE171621D7BC}
	EndGlobalSection
EndGlobal
